
Microsoft Visual Studio Solution File, Format Version 12.00
# Visual Studio Version 16
VisualStudioVersion = 16.0.31321.278
MinimumVisualStudioVersion = 10.0.40219.1
Project("{9A19103F-16F7-4668-BE54-9A1E7A4F7556}") = "LikeABird.DAL", "..\LikeABird.DAL\LikeABird.DAL.csproj", "{AC03A3CF-F94F-4A82-9AFC-F18BBDBD90C3}"
EndProject
Project("{9A19103F-16F7-4668-BE54-9A1E7A4F7556}") = "LikeABird.ALL", "..\LikeABird.ALL\LikeABird.ALL.csproj", "{5C582A83-6A46-4E3E-B0CE-7FC10A5FF352}"
EndProject
Project("{9A19103F-16F7-4668-BE54-9A1E7A4F7556}") = "LikeABird.Tests", "..\LikeABird.Tests\LikeABird.Tests.csproj", "{151BF362-3540-424E-9E41-36D261CBE48D}"
EndProject
Project("{9A19103F-16F7-4668-BE54-9A1E7A4F7556}") = "LikeABird.WebAPI", "..\LikeABird.WebAPI\LikeABird.WebAPI.csproj", "{E1062A35-4ED6-4815-B6F1-5291DA7146D7}"
EndProject
Project("{9A19103F-16F7-4668-BE54-9A1E7A4F7556}") = "LikeABird.UI", "..\LikeABird.UI\LikeABird.UI.csproj", "{17E9A28E-468D-4216-91C2-4180C4F7D599}"
EndProject
Project("{9A19103F-16F7-4668-BE54-9A1E7A4F7556}") = "ConsoleAppDevTst", "..\ConsoleAppDevTst\ConsoleAppDevTst.csproj", "{1E2B461C-7CA1-4D9A-B2F9-3A1BC12A0042}"
EndProject
Project("{9A19103F-16F7-4668-BE54-9A1E7A4F7556}") = "LikeABird.BLL", "..\LikeABird.BLL\LikeABird.BLL.csproj", "{996B6126-356A-4225-A5DA-1DB145417E5A}"
EndProject
Project("{FAE04EC0-301F-11D3-BF4B-00C04F79EFBC}") = "LikeABird.IIL", "..\LikeABird.IIL\LikeABird.IIL.csproj", "{B09D8995-DF6C-4923-A61E-DBC82CB54269}"
EndProject
Global
	GlobalSection(SolutionConfigurationPlatforms) = preSolution
		Debug|Any CPU = Debug|Any CPU
		Release|Any CPU = Release|Any CPU
	EndGlobalSection
	GlobalSection(ProjectConfigurationPlatforms) = postSolution
		{AC03A3CF-F94F-4A82-9AFC-F18BBDBD90C3}.Debug|Any CPU.ActiveCfg = Debug|Any CPU
		{AC03A3CF-F94F-4A82-9AFC-F18BBDBD90C3}.Debug|Any CPU.Build.0 = Debug|Any CPU
		{AC03A3CF-F94F-4A82-9AFC-F18BBDBD90C3}.Release|Any CPU.ActiveCfg = Release|Any CPU
		{AC03A3CF-F94F-4A82-9AFC-F18BBDBD90C3}.Release|Any CPU.Build.0 = Release|Any CPU
		{5C582A83-6A46-4E3E-B0CE-7FC10A5FF352}.Debug|Any CPU.ActiveCfg = Debug|Any CPU
		{5C582A83-6A46-4E3E-B0CE-7FC10A5FF352}.Debug|Any CPU.Build.0 = Debug|Any CPU
		{5C582A83-6A46-4E3E-B0CE-7FC10A5FF352}.Release|Any CPU.ActiveCfg = Release|Any CPU
		{5C582A83-6A46-4E3E-B0CE-7FC10A5FF352}.Release|Any CPU.Build.0 = Release|Any CPU
		{151BF362-3540-424E-9E41-36D261CBE48D}.Debug|Any CPU.ActiveCfg = Debug|Any CPU
		{151BF362-3540-424E-9E41-36D261CBE48D}.Debug|Any CPU.Build.0 = Debug|Any CPU
		{151BF362-3540-424E-9E41-36D261CBE48D}.Release|Any CPU.ActiveCfg = Release|Any CPU
		{151BF362-3540-424E-9E41-36D261CBE48D}.Release|Any CPU.Build.0 = Release|Any CPU
		{E1062A35-4ED6-4815-B6F1-5291DA7146D7}.Debug|Any CPU.ActiveCfg = Debug|Any CPU
		{E1062A35-4ED6-4815-B6F1-5291DA7146D7}.Debug|Any CPU.Build.0 = Debug|Any CPU
		{E1062A35-4ED6-4815-B6F1-5291DA7146D7}.Release|Any CPU.ActiveCfg = Release|Any CPU
		{E1062A35-4ED6-4815-B6F1-5291DA7146D7}.Release|Any CPU.Build.0 = Release|Any CPU
		{17E9A28E-468D-4216-91C2-4180C4F7D599}.Debug|Any CPU.ActiveCfg = Debug|Any CPU
		{17E9A28E-468D-4216-91C2-4180C4F7D599}.Debug|Any CPU.Build.0 = Debug|Any CPU
		{17E9A28E-468D-4216-91C2-4180C4F7D599}.Release|Any CPU.ActiveCfg = Release|Any CPU
		{17E9A28E-468D-4216-91C2-4180C4F7D599}.Release|Any CPU.Build.0 = Release|Any CPU
		{1E2B461C-7CA1-4D9A-B2F9-3A1BC12A0042}.Debug|Any CPU.ActiveCfg = Debug|Any CPU
		{1E2B461C-7CA1-4D9A-B2F9-3A1BC12A0042}.Debug|Any CPU.Build.0 = Debug|Any CPU
		{1E2B461C-7CA1-4D9A-B2F9-3A1BC12A0042}.Release|Any CPU.ActiveCfg = Release|Any CPU
		{1E2B461C-7CA1-4D9A-B2F9-3A1BC12A0042}.Release|Any CPU.Build.0 = Release|Any CPU
		{996B6126-356A-4225-A5DA-1DB145417E5A}.Debug|Any CPU.ActiveCfg = Debug|Any CPU
		{996B6126-356A-4225-A5DA-1DB145417E5A}.Debug|Any CPU.Build.0 = Debug|Any CPU
		{996B6126-356A-4225-A5DA-1DB145417E5A}.Release|Any CPU.ActiveCfg = Release|Any CPU
		{996B6126-356A-4225-A5DA-1DB145417E5A}.Release|Any CPU.Build.0 = Release|Any CPU
		{B09D8995-DF6C-4923-A61E-DBC82CB54269}.Debug|Any CPU.ActiveCfg = Debug|Any CPU
		{B09D8995-DF6C-4923-A61E-DBC82CB54269}.Debug|Any CPU.Build.0 = Debug|Any CPU
		{B09D8995-DF6C-4923-A61E-DBC82CB54269}.Release|Any CPU.ActiveCfg = Release|Any CPU
		{B09D8995-DF6C-4923-A61E-DBC82CB54269}.Release|Any CPU.Build.0 = Release|Any CPU
	EndGlobalSection
	GlobalSection(SolutionProperties) = preSolution
		HideSolutionNode = FALSE
	EndGlobalSection
	GlobalSection(ExtensibilityGlobals) = postSolution
		SolutionGuid = {04775304-41ED-4A4A-A21E-082DB3BF59D1}
	EndGlobalSection
EndGlobal
